
Microsoft Visual Studio Solution File, Format Version 12.00
# Visual Studio 15
VisualStudioVersion = 15.0.27703.2035
MinimumVisualStudioVersion = 10.0.40219.1
Project("{FAE04EC0-301F-11D3-BF4B-00C04F79EFBC}") = "LearnEnglish.API", "LearnEnglish.API\LearnEnglish.API.csproj", "{43ABD6C1-CED8-4A86-87D7-439E0033EF24}"
EndProject
Project("{FAE04EC0-301F-11D3-BF4B-00C04F79EFBC}") = "LearnEnglish.DataModels", "LearnEnglish.DataModels\LearnEnglish.DataModels.csproj", "{198A04E1-D8FA-424A-89F6-BA8945E0B3C4}"
EndProject
Project("{FAE04EC0-301F-11D3-BF4B-00C04F79EFBC}") = "LearnEnglish.Service", "LearnEnglish.Service\LearnEnglish.Service.csproj", "{463DE5DC-2BE0-473D-966C-87BB59E07862}"
EndProject
Global
	GlobalSection(SolutionConfigurationPlatforms) = preSolution
		Debug|Any CPU = Debug|Any CPU
		Release|Any CPU = Release|Any CPU
	EndGlobalSection
	GlobalSection(ProjectConfigurationPlatforms) = postSolution
		{43ABD6C1-CED8-4A86-87D7-439E0033EF24}.Debug|Any CPU.ActiveCfg = Debug|Any CPU
		{43ABD6C1-CED8-4A86-87D7-439E0033EF24}.Debug|Any CPU.Build.0 = Debug|Any CPU
		{43ABD6C1-CED8-4A86-87D7-439E0033EF24}.Release|Any CPU.ActiveCfg = Release|Any CPU
		{43ABD6C1-CED8-4A86-87D7-439E0033EF24}.Release|Any CPU.Build.0 = Release|Any CPU
		{198A04E1-D8FA-424A-89F6-BA8945E0B3C4}.Debug|Any CPU.ActiveCfg = Debug|Any CPU
		{198A04E1-D8FA-424A-89F6-BA8945E0B3C4}.Debug|Any CPU.Build.0 = Debug|Any CPU
		{198A04E1-D8FA-424A-89F6-BA8945E0B3C4}.Release|Any CPU.ActiveCfg = Release|Any CPU
		{198A04E1-D8FA-424A-89F6-BA8945E0B3C4}.Release|Any CPU.Build.0 = Release|Any CPU
		{463DE5DC-2BE0-473D-966C-87BB59E07862}.Debug|Any CPU.ActiveCfg = Debug|Any CPU
		{463DE5DC-2BE0-473D-966C-87BB59E07862}.Debug|Any CPU.Build.0 = Debug|Any CPU
		{463DE5DC-2BE0-473D-966C-87BB59E07862}.Release|Any CPU.ActiveCfg = Release|Any CPU
		{463DE5DC-2BE0-473D-966C-87BB59E07862}.Release|Any CPU.Build.0 = Release|Any CPU
	EndGlobalSection
	GlobalSection(SolutionProperties) = preSolution
		HideSolutionNode = FALSE
	EndGlobalSection
	GlobalSection(ExtensibilityGlobals) = postSolution
		SolutionGuid = {1B84F63F-08CC-4E74-BFD9-961B4F711409}
	EndGlobalSection
EndGlobal
